
Microsoft Visual Studio Solution File, Format Version 12.00
# Visual Studio Version 17
VisualStudioVersion = 17.2.32210.308
MinimumVisualStudioVersion = 10.0.40219.1
Project("{8BC9CEB8-8B4A-11D0-8D11-00A0C91BC942}") = "SamsungHaptics", "SamsungHaptics\SamsungHaptics.vcxproj", "{132601BF-5D53-4C57-96BE-BEFD5455B6C7}"
EndProject
Global
	GlobalSection(SolutionConfigurationPlatforms) = preSolution
		Debug|ARM = Debug|ARM
		Debug|ARM64 = Debug|ARM64
		Debug|x64 = Debug|x64
		Debug|x86 = Debug|x86
		Release|ARM = Release|ARM
		Release|ARM64 = Release|ARM64
		Release|x64 = Release|x64
		Release|x86 = Release|x86
	EndGlobalSection
	GlobalSection(ProjectConfigurationPlatforms) = postSolution
		{132601BF-5D53-4C57-96BE-BEFD5455B6C7}.Debug|ARM.ActiveCfg = Debug|ARM
		{132601BF-5D53-4C57-96BE-BEFD5455B6C7}.Debug|ARM.Build.0 = Debug|ARM
		{132601BF-5D53-4C57-96BE-BEFD5455B6C7}.Debug|ARM.Deploy.0 = Debug|ARM
		{132601BF-5D53-4C57-96BE-BEFD5455B6C7}.Debug|ARM64.ActiveCfg = Debug|ARM64
		{132601BF-5D53-4C57-96BE-BEFD5455B6C7}.Debug|ARM64.Build.0 = Debug|ARM64
		{132601BF-5D53-4C57-96BE-BEFD5455B6C7}.Debug|ARM64.Deploy.0 = Debug|ARM64
		{132601BF-5D53-4C57-96BE-BEFD5455B6C7}.Debug|x64.ActiveCfg = Debug|x64
		{132601BF-5D53-4C57-96BE-BEFD5455B6C7}.Debug|x64.Build.0 = Debug|x64
		{132601BF-5D53-4C57-96BE-BEFD5455B6C7}.Debug|x64.Deploy.0 = Debug|x64
		{132601BF-5D53-4C57-96BE-BEFD5455B6C7}.Debug|x86.ActiveCfg = Debug|Win32
		{132601BF-5D53-4C57-96BE-BEFD5455B6C7}.Debug|x86.Build.0 = Debug|Win32
		{132601BF-5D53-4C57-96BE-BEFD5455B6C7}.Debug|x86.Deploy.0 = Debug|Win32
		{132601BF-5D53-4C57-96BE-BEFD5455B6C7}.Release|ARM.ActiveCfg = Release|ARM
		{132601BF-5D53-4C57-96BE-BEFD5455B6C7}.Release|ARM.Build.0 = Release|ARM
		{132601BF-5D53-4C57-96BE-BEFD5455B6C7}.Release|ARM.Deploy.0 = Release|ARM
		{132601BF-5D53-4C57-96BE-BEFD5455B6C7}.Release|ARM64.ActiveCfg = Release|ARM64
		{132601BF-5D53-4C57-96BE-BEFD5455B6C7}.Release|ARM64.Build.0 = Release|ARM64
		{132601BF-5D53-4C57-96BE-BEFD5455B6C7}.Release|ARM64.Deploy.0 = Release|ARM64
		{132601BF-5D53-4C57-96BE-BEFD5455B6C7}.Release|x64.ActiveCfg = Release|x64
		{132601BF-5D53-4C57-96BE-BEFD5455B6C7}.Release|x64.Build.0 = Release|x64
		{132601BF-5D53-4C57-96BE-BEFD5455B6C7}.Release|x64.Deploy.0 = Release|x64
		{132601BF-5D53-4C57-96BE-BEFD5455B6C7}.Release|x86.ActiveCfg = Release|Win32
		{132601BF-5D53-4C57-96BE-BEFD5455B6C7}.Release|x86.Build.0 = Release|Win32
		{132601BF-5D53-4C57-96BE-BEFD5455B6C7}.Release|x86.Deploy.0 = Release|Win32
	EndGlobalSection
	GlobalSection(SolutionProperties) = preSolution
		HideSolutionNode = FALSE
	EndGlobalSection
	GlobalSection(ExtensibilityGlobals) = postSolution
		SolutionGuid = {C9D3B0B0-1644-49A1-8CB7-685839DF986C}
	EndGlobalSection
EndGlobal
